
Microsoft Visual Studio Solution File, Format Version 12.00
# Visual Studio 2013
VisualStudioVersion = 12.0.31101.0
MinimumVisualStudioVersion = 10.0.40219.1
Project("{FAE04EC0-301F-11D3-BF4B-00C04F79EFBC}") = "Impresto.Ocr.Core", "Impresto.Ocr.Core\Impresto.Ocr.Core.csproj", "{673FD7DF-8BF7-496D-848C-94F37328701B}"
EndProject
Project("{FAE04EC0-301F-11D3-BF4B-00C04F79EFBC}") = "Impresto.Ocr.Test", "Impresto.Ocr.Test\Impresto.Ocr.Test.csproj", "{8EAF8164-FEC1-4A58-A211-BDD27C00E2F2}"
EndProject
Project("{FAE04EC0-301F-11D3-BF4B-00C04F79EFBC}") = "Impresto.Ocr.Server", "Impresto.Ocr.Server\Impresto.Ocr.Server.csproj", "{C02A1DF3-8378-4B4B-8E7B-9C12C79BDFD4}"
EndProject
Project("{FAE04EC0-301F-11D3-BF4B-00C04F79EFBC}") = "Impresto.Ocr.Data", "Impresto.Ocr.Data\Impresto.Ocr.Data.csproj", "{12A787A8-4C68-4223-9A53-A09F54B958F1}"
EndProject
Project("{2150E333-8FDC-42A3-9474-1A3956D46DE8}") = "java", "java", "{4BFD341E-66BF-491E-B18E-0C3D67FF9152}"
	ProjectSection(SolutionItems) = preProject
		java\Image.java = java\Image.java
		java\ImageSet.java = java\ImageSet.java
		java\Main.java = java\Main.java
		java\SideEnum.java = java\SideEnum.java
	EndProjectSection
EndProject
Global
	GlobalSection(SolutionConfigurationPlatforms) = preSolution
		Debug|Any CPU = Debug|Any CPU
		Debug|Mixed Platforms = Debug|Mixed Platforms
		Debug|x86 = Debug|x86
		Release|Any CPU = Release|Any CPU
		Release|Mixed Platforms = Release|Mixed Platforms
		Release|x86 = Release|x86
	EndGlobalSection
	GlobalSection(ProjectConfigurationPlatforms) = postSolution
		{673FD7DF-8BF7-496D-848C-94F37328701B}.Debug|Any CPU.ActiveCfg = Debug|Any CPU
		{673FD7DF-8BF7-496D-848C-94F37328701B}.Debug|Any CPU.Build.0 = Debug|Any CPU
		{673FD7DF-8BF7-496D-848C-94F37328701B}.Debug|Mixed Platforms.ActiveCfg = Debug|Any CPU
		{673FD7DF-8BF7-496D-848C-94F37328701B}.Debug|Mixed Platforms.Build.0 = Debug|Any CPU
		{673FD7DF-8BF7-496D-848C-94F37328701B}.Debug|x86.ActiveCfg = Debug|Any CPU
		{673FD7DF-8BF7-496D-848C-94F37328701B}.Release|Any CPU.ActiveCfg = Release|Any CPU
		{673FD7DF-8BF7-496D-848C-94F37328701B}.Release|Any CPU.Build.0 = Release|Any CPU
		{673FD7DF-8BF7-496D-848C-94F37328701B}.Release|Mixed Platforms.ActiveCfg = Release|Any CPU
		{673FD7DF-8BF7-496D-848C-94F37328701B}.Release|Mixed Platforms.Build.0 = Release|Any CPU
		{673FD7DF-8BF7-496D-848C-94F37328701B}.Release|x86.ActiveCfg = Release|Any CPU
		{8EAF8164-FEC1-4A58-A211-BDD27C00E2F2}.Debug|Any CPU.ActiveCfg = Debug|Any CPU
		{8EAF8164-FEC1-4A58-A211-BDD27C00E2F2}.Debug|Any CPU.Build.0 = Debug|Any CPU
		{8EAF8164-FEC1-4A58-A211-BDD27C00E2F2}.Debug|Mixed Platforms.ActiveCfg = Debug|Any CPU
		{8EAF8164-FEC1-4A58-A211-BDD27C00E2F2}.Debug|Mixed Platforms.Build.0 = Debug|Any CPU
		{8EAF8164-FEC1-4A58-A211-BDD27C00E2F2}.Debug|x86.ActiveCfg = Debug|Any CPU
		{8EAF8164-FEC1-4A58-A211-BDD27C00E2F2}.Release|Any CPU.ActiveCfg = Release|Any CPU
		{8EAF8164-FEC1-4A58-A211-BDD27C00E2F2}.Release|Any CPU.Build.0 = Release|Any CPU
		{8EAF8164-FEC1-4A58-A211-BDD27C00E2F2}.Release|Mixed Platforms.ActiveCfg = Release|Any CPU
		{8EAF8164-FEC1-4A58-A211-BDD27C00E2F2}.Release|Mixed Platforms.Build.0 = Release|Any CPU
		{8EAF8164-FEC1-4A58-A211-BDD27C00E2F2}.Release|x86.ActiveCfg = Release|Any CPU
		{C02A1DF3-8378-4B4B-8E7B-9C12C79BDFD4}.Debug|Any CPU.ActiveCfg = Debug|Any CPU
		{C02A1DF3-8378-4B4B-8E7B-9C12C79BDFD4}.Debug|Any CPU.Build.0 = Debug|Any CPU
		{C02A1DF3-8378-4B4B-8E7B-9C12C79BDFD4}.Debug|Mixed Platforms.ActiveCfg = Debug|Any CPU
		{C02A1DF3-8378-4B4B-8E7B-9C12C79BDFD4}.Debug|Mixed Platforms.Build.0 = Debug|Any CPU
		{C02A1DF3-8378-4B4B-8E7B-9C12C79BDFD4}.Debug|x86.ActiveCfg = Debug|Any CPU
		{C02A1DF3-8378-4B4B-8E7B-9C12C79BDFD4}.Release|Any CPU.ActiveCfg = Release|Any CPU
		{C02A1DF3-8378-4B4B-8E7B-9C12C79BDFD4}.Release|Any CPU.Build.0 = Release|Any CPU
		{C02A1DF3-8378-4B4B-8E7B-9C12C79BDFD4}.Release|Mixed Platforms.ActiveCfg = Release|Any CPU
		{C02A1DF3-8378-4B4B-8E7B-9C12C79BDFD4}.Release|Mixed Platforms.Build.0 = Release|Any CPU
		{C02A1DF3-8378-4B4B-8E7B-9C12C79BDFD4}.Release|x86.ActiveCfg = Release|Any CPU
		{12A787A8-4C68-4223-9A53-A09F54B958F1}.Debug|Any CPU.ActiveCfg = Debug|Any CPU
		{12A787A8-4C68-4223-9A53-A09F54B958F1}.Debug|Any CPU.Build.0 = Debug|Any CPU
		{12A787A8-4C68-4223-9A53-A09F54B958F1}.Debug|Mixed Platforms.ActiveCfg = Debug|Any CPU
		{12A787A8-4C68-4223-9A53-A09F54B958F1}.Debug|Mixed Platforms.Build.0 = Debug|Any CPU
		{12A787A8-4C68-4223-9A53-A09F54B958F1}.Debug|x86.ActiveCfg = Debug|Any CPU
		{12A787A8-4C68-4223-9A53-A09F54B958F1}.Release|Any CPU.ActiveCfg = Release|Any CPU
		{12A787A8-4C68-4223-9A53-A09F54B958F1}.Release|Any CPU.Build.0 = Release|Any CPU
		{12A787A8-4C68-4223-9A53-A09F54B958F1}.Release|Mixed Platforms.ActiveCfg = Release|Any CPU
		{12A787A8-4C68-4223-9A53-A09F54B958F1}.Release|Mixed Platforms.Build.0 = Release|Any CPU
		{12A787A8-4C68-4223-9A53-A09F54B958F1}.Release|x86.ActiveCfg = Release|Any CPU
	EndGlobalSection
	GlobalSection(SolutionProperties) = preSolution
		HideSolutionNode = FALSE
	EndGlobalSection
EndGlobal
